{
  "nodes": {
    "darwin": {
      "inputs": {
        "nixpkgs": [
          "nixpkgs-darwin"
        ]
      },
      "locked": {
        "lastModified": 1657835815,
        "narHash": "sha256-CnZszAYpNKydh6N7+xg+eRtWNVoAAGqc6bg+Lpgq1xc=",
        "owner": "lnl7",
        "repo": "nix-darwin",
        "rev": "54a24f042f93c79f5679f133faddedec61955cf2",
        "type": "github"
      },
      "original": {
        "owner": "lnl7",
        "ref": "master",
        "repo": "nix-darwin",
        "type": "github"
      }
    },
    "home-manager": {
      "inputs": {
        "nixpkgs": [
          "nixpkgs"
        ],
        "utils": "utils"
      },
      "locked": {
        "lastModified": 1659878744,
        "narHash": "sha256-81a9Mx5pDMBGN4WnVhcQVkW5mXNTZOt8DZOSI8bVKpU=",
        "owner": "nix-community",
        "repo": "home-manager",
        "rev": "f5e9879e74e6202e2dbb3628fad2d20eac0d8be4",
        "type": "github"
      },
      "original": {
        "owner": "nix-community",
        "repo": "home-manager",
        "type": "github"
      }
    },
    "nixos-stable": {
      "locked": {
        "lastModified": 1659859897,
        "narHash": "sha256-jAppjCqvzi5O1ODp8K8p4Kql1YgtnAnO3iAsbW3622U=",
        "owner": "NixOS",
        "repo": "nixpkgs",
        "rev": "3c8a5fa9a699d6910bbe70490918f1a4adc1e462",
        "type": "github"
      },
      "original": {
        "owner": "NixOS",
        "ref": "release-22.05",
        "repo": "nixpkgs",
        "type": "github"
      }
    },
    "nixos-unstable": {
      "locked": {
        "lastModified": 1659803779,
        "narHash": "sha256-+5zkHlbcbFyN5f3buO1RAZ9pH1wXLxCesUJ0vFmLr9Y=",
        "owner": "NixOS",
        "repo": "nixpkgs",
        "rev": "f44884060cb94240efbe55620f38a8ec8d9af601",
        "type": "github"
      },
      "original": {
        "owner": "NixOS",
        "ref": "nixos-unstable",
        "repo": "nixpkgs",
        "type": "github"
      }
    },
    "nixpkgs": {
      "locked": {
        "lastModified": 1659893357,
        "narHash": "sha256-mxGrgNP661LcBX/YpxruCOYgV9rZ7by6KRZSefbMyEw=",
        "owner": "NixOS",
        "repo": "nixpkgs",
        "rev": "6f46d12d868aa01e21932975a1106d995535fed2",
        "type": "github"
      },
      "original": {
        "owner": "NixOS",
        "ref": "master",
        "repo": "nixpkgs",
        "type": "github"
      }
    },
    "nixpkgs-darwin": {
      "locked": {
        "lastModified": 1659859897,
        "narHash": "sha256-jAppjCqvzi5O1ODp8K8p4Kql1YgtnAnO3iAsbW3622U=",
        "owner": "NixOS",
        "repo": "nixpkgs",
        "rev": "3c8a5fa9a699d6910bbe70490918f1a4adc1e462",
        "type": "github"
      },
      "original": {
        "owner": "NixOS",
        "ref": "nixpkgs-22.05-darwin",
        "repo": "nixpkgs",
        "type": "github"
      }
    },
    "root": {
      "inputs": {
        "darwin": "darwin",
        "home-manager": "home-manager",
        "nixos-stable": "nixos-stable",
        "nixos-unstable": "nixos-unstable",
        "nixpkgs": "nixpkgs",
        "nixpkgs-darwin": "nixpkgs-darwin"
      }
    },
    "utils": {
      "locked": {
        "lastModified": 1653893745,
        "narHash": "sha256-0jntwV3Z8//YwuOjzhV2sgJJPt+HY6KhU7VZUL0fKZQ=",
        "owner": "numtide",
        "repo": "flake-utils",
        "rev": "1ed9fb1935d260de5fe1c2f7ee0ebaae17ed2fa1",
        "type": "github"
      },
      "original": {
        "owner": "numtide",
        "repo": "flake-utils",
        "type": "github"
      }
    }
  },
  "root": "root",
  "version": 7
}
