{
  "nodes": {
    "home-manager": {
      "inputs": {
        "nixpkgs": [
          "nixpkgs"
        ]
      },
      "locked": {
        "lastModified": 1651886851,
        "narHash": "sha256-kbXOJSf1uho0/7P54nZkJdJY3oAelIjyc6tfiRhaXJI=",
        "owner": "nix-community",
        "repo": "home-manager",
        "rev": "882bd8118bdbff3a6e53e5ced393932b351ce2f6",
        "type": "github"
      },
      "original": {
        "owner": "nix-community",
        "repo": "home-manager",
        "type": "github"
      }
    },
    "nixpkgs": {
      "locked": {
        "lastModified": 1652059086,
        "narHash": "sha256-CjHSbr6LSFkN4YBdTB6+8ZQmSqhsbiXqAeQ9hQJ/gBI=",
        "owner": "NixOS",
        "repo": "nixpkgs",
        "rev": "934e076a441e318897aa17540f6cf7caadc69028",
        "type": "github"
      },
      "original": {
        "owner": "NixOS",
        "ref": "nixpkgs-unstable",
        "repo": "nixpkgs",
        "type": "github"
      }
    },
    "nixpkgs-stable": {
      "locked": {
        "lastModified": 1652020977,
        "narHash": "sha256-9hDlNbrxzD/pLlXmoQ6gzxbYiSAKrj7uHYUWNByLFlI=",
        "owner": "nixos",
        "repo": "nixpkgs",
        "rev": "3c5ae9be1f18c790ea890ef8decbd0946c0b4c04",
        "type": "github"
      },
      "original": {
        "owner": "nixos",
        "ref": "nixpkgs-21.11-darwin",
        "repo": "nixpkgs",
        "type": "github"
      }
    },
    "root": {
      "inputs": {
        "home-manager": "home-manager",
        "nixpkgs": "nixpkgs",
        "nixpkgs-stable": "nixpkgs-stable"
      }
    }
  },
  "root": "root",
  "version": 7
}
